
Microsoft Visual Studio Solution File, Format Version 12.00
# Visual Studio Version 17
VisualStudioVersion = 17.1.32319.34
MinimumVisualStudioVersion = 10.0.40219.1
Project("{9A19103F-16F7-4668-BE54-9A1E7A4F7556}") = "Identiteta.API", "Identiteta.API\Identiteta.API.csproj", "{31230154-7C35-47AF-A3FB-8CA938E39FF3}"
EndProject
Project("{2150E333-8FDC-42A3-9474-1A3956D46DE8}") = "API Gateway", "API Gateway", "{5ACBB05B-0FE8-4326-97F0-9F4E1906F219}"
EndProject
Project("{2150E333-8FDC-42A3-9474-1A3956D46DE8}") = "Services", "Services", "{7CD1FEE8-5C2D-4ACE-8EC3-36C1D04DCC83}"
EndProject
Project("{2150E333-8FDC-42A3-9474-1A3956D46DE8}") = "Front-end", "Front-end", "{46B7530C-4D2A-48D7-8014-D768901D6BB2}"
EndProject
Project("{9A19103F-16F7-4668-BE54-9A1E7A4F7556}") = "Igralci.API", "Igralci.API\Igralci.API.csproj", "{1D2B7912-39E6-424C-BED7-E9B4659CC634}"
EndProject
Project("{9A19103F-16F7-4668-BE54-9A1E7A4F7556}") = "Komentiranje.API", "Komentiranje.API\Komentiranje.API.csproj", "{426B7886-B903-4A87-B3BF-9656B25C288D}"
EndProject
Project("{9A19103F-16F7-4668-BE54-9A1E7A4F7556}") = "Videoteka.API", "Videoteka.API\Videoteka.API.csproj", "{864B0061-F28E-40BF-9C37-4CEDEDDDB7C5}"
EndProject
Project("{9A19103F-16F7-4668-BE54-9A1E7A4F7556}") = "Seznami.API", "Seznami.API\Seznami.API.csproj", "{CAC8066A-B5E1-4065-AECE-CC6C73853BFC}"
EndProject
Project("{9A19103F-16F7-4668-BE54-9A1E7A4F7556}") = "Ocenjevanje.API", "Ocenjevanje.API\Ocenjevanje.API.csproj", "{260F55E7-25F3-4959-ABDF-2DB70B05675B}"
EndProject
Project("{9A19103F-16F7-4668-BE54-9A1E7A4F7556}") = "OceniFilm", "OceniFilm\OceniFilm.csproj", "{80642423-6CA7-4C20-8736-CA13AC02E418}"
EndProject
Project("{9A19103F-16F7-4668-BE54-9A1E7A4F7556}") = "OcelotApiGw", "OcelotApiGw\OcelotApiGw.csproj", "{49F2DB75-DB25-4AA0-804E-861016046474}"
EndProject
Global
	GlobalSection(SolutionConfigurationPlatforms) = preSolution
		Debug|Any CPU = Debug|Any CPU
		Release|Any CPU = Release|Any CPU
	EndGlobalSection
	GlobalSection(ProjectConfigurationPlatforms) = postSolution
		{31230154-7C35-47AF-A3FB-8CA938E39FF3}.Debug|Any CPU.ActiveCfg = Debug|Any CPU
		{31230154-7C35-47AF-A3FB-8CA938E39FF3}.Debug|Any CPU.Build.0 = Debug|Any CPU
		{31230154-7C35-47AF-A3FB-8CA938E39FF3}.Release|Any CPU.ActiveCfg = Release|Any CPU
		{31230154-7C35-47AF-A3FB-8CA938E39FF3}.Release|Any CPU.Build.0 = Release|Any CPU
		{1D2B7912-39E6-424C-BED7-E9B4659CC634}.Debug|Any CPU.ActiveCfg = Debug|Any CPU
		{1D2B7912-39E6-424C-BED7-E9B4659CC634}.Debug|Any CPU.Build.0 = Debug|Any CPU
		{1D2B7912-39E6-424C-BED7-E9B4659CC634}.Release|Any CPU.ActiveCfg = Release|Any CPU
		{1D2B7912-39E6-424C-BED7-E9B4659CC634}.Release|Any CPU.Build.0 = Release|Any CPU
		{426B7886-B903-4A87-B3BF-9656B25C288D}.Debug|Any CPU.ActiveCfg = Debug|Any CPU
		{426B7886-B903-4A87-B3BF-9656B25C288D}.Debug|Any CPU.Build.0 = Debug|Any CPU
		{426B7886-B903-4A87-B3BF-9656B25C288D}.Release|Any CPU.ActiveCfg = Release|Any CPU
		{426B7886-B903-4A87-B3BF-9656B25C288D}.Release|Any CPU.Build.0 = Release|Any CPU
		{864B0061-F28E-40BF-9C37-4CEDEDDDB7C5}.Debug|Any CPU.ActiveCfg = Debug|Any CPU
		{864B0061-F28E-40BF-9C37-4CEDEDDDB7C5}.Debug|Any CPU.Build.0 = Debug|Any CPU
		{864B0061-F28E-40BF-9C37-4CEDEDDDB7C5}.Release|Any CPU.ActiveCfg = Release|Any CPU
		{864B0061-F28E-40BF-9C37-4CEDEDDDB7C5}.Release|Any CPU.Build.0 = Release|Any CPU
		{CAC8066A-B5E1-4065-AECE-CC6C73853BFC}.Debug|Any CPU.ActiveCfg = Debug|Any CPU
		{CAC8066A-B5E1-4065-AECE-CC6C73853BFC}.Debug|Any CPU.Build.0 = Debug|Any CPU
		{CAC8066A-B5E1-4065-AECE-CC6C73853BFC}.Release|Any CPU.ActiveCfg = Release|Any CPU
		{CAC8066A-B5E1-4065-AECE-CC6C73853BFC}.Release|Any CPU.Build.0 = Release|Any CPU
		{260F55E7-25F3-4959-ABDF-2DB70B05675B}.Debug|Any CPU.ActiveCfg = Debug|Any CPU
		{260F55E7-25F3-4959-ABDF-2DB70B05675B}.Debug|Any CPU.Build.0 = Debug|Any CPU
		{260F55E7-25F3-4959-ABDF-2DB70B05675B}.Release|Any CPU.ActiveCfg = Release|Any CPU
		{260F55E7-25F3-4959-ABDF-2DB70B05675B}.Release|Any CPU.Build.0 = Release|Any CPU
		{80642423-6CA7-4C20-8736-CA13AC02E418}.Debug|Any CPU.ActiveCfg = Debug|Any CPU
		{80642423-6CA7-4C20-8736-CA13AC02E418}.Debug|Any CPU.Build.0 = Debug|Any CPU
		{80642423-6CA7-4C20-8736-CA13AC02E418}.Release|Any CPU.ActiveCfg = Release|Any CPU
		{80642423-6CA7-4C20-8736-CA13AC02E418}.Release|Any CPU.Build.0 = Release|Any CPU
		{49F2DB75-DB25-4AA0-804E-861016046474}.Debug|Any CPU.ActiveCfg = Debug|Any CPU
		{49F2DB75-DB25-4AA0-804E-861016046474}.Debug|Any CPU.Build.0 = Debug|Any CPU
		{49F2DB75-DB25-4AA0-804E-861016046474}.Release|Any CPU.ActiveCfg = Release|Any CPU
		{49F2DB75-DB25-4AA0-804E-861016046474}.Release|Any CPU.Build.0 = Release|Any CPU
	EndGlobalSection
	GlobalSection(SolutionProperties) = preSolution
		HideSolutionNode = FALSE
	EndGlobalSection
	GlobalSection(NestedProjects) = preSolution
		{31230154-7C35-47AF-A3FB-8CA938E39FF3} = {7CD1FEE8-5C2D-4ACE-8EC3-36C1D04DCC83}
		{1D2B7912-39E6-424C-BED7-E9B4659CC634} = {7CD1FEE8-5C2D-4ACE-8EC3-36C1D04DCC83}
		{426B7886-B903-4A87-B3BF-9656B25C288D} = {7CD1FEE8-5C2D-4ACE-8EC3-36C1D04DCC83}
		{864B0061-F28E-40BF-9C37-4CEDEDDDB7C5} = {7CD1FEE8-5C2D-4ACE-8EC3-36C1D04DCC83}
		{CAC8066A-B5E1-4065-AECE-CC6C73853BFC} = {7CD1FEE8-5C2D-4ACE-8EC3-36C1D04DCC83}
		{260F55E7-25F3-4959-ABDF-2DB70B05675B} = {7CD1FEE8-5C2D-4ACE-8EC3-36C1D04DCC83}
		{80642423-6CA7-4C20-8736-CA13AC02E418} = {46B7530C-4D2A-48D7-8014-D768901D6BB2}
		{49F2DB75-DB25-4AA0-804E-861016046474} = {5ACBB05B-0FE8-4326-97F0-9F4E1906F219}
	EndGlobalSection
	GlobalSection(ExtensibilityGlobals) = postSolution
		SolutionGuid = {04DC1931-AB54-4186-AD5C-7525F23B1E8C}
	EndGlobalSection
	GlobalSection(MonoDevelopProperties) = preSolution
		Policies = $0
		$0.DotNetNamingPolicy = $1
		$1.DirectoryNamespaceAssociation = PrefixedHierarchical
		$0.TextStylePolicy = $2
		$2.inheritsSet = null
		$2.scope = text/x-csharp
		$0.CSharpFormattingPolicy = $3
		$3.scope = text/x-csharp
		$0.TextStylePolicy = $4
		$4.inheritsSet = null
		$4.scope = text/x-json
		$0.TextStylePolicy = $5
		$5.inheritsSet = null
		$5.scope = text/x-web
		$0.TextStylePolicy = $6
		$6.inheritsSet = null
		$6.scope = text/x-css
		$0.TextStylePolicy = $7
		$7.inheritsSet = null
		$7.scope = text/x-cshtml-web
		$0.TextStylePolicy = $8
		$8.inheritsSet = null
		$8.scope = text/x-html
	EndGlobalSection
EndGlobal
