
Microsoft Visual Studio Solution File, Format Version 12.00
# Visual Studio Version 17
VisualStudioVersion = 17.1.32319.34
MinimumVisualStudioVersion = 10.0.40219.1
Project("{9A19103F-16F7-4668-BE54-9A1E7A4F7556}") = "Identiteta.API", "Identiteta.API\Identiteta.API.csproj", "{31230154-7C35-47AF-A3FB-8CA938E39FF3}"
EndProject
Project("{2150E333-8FDC-42A3-9474-1A3956D46DE8}") = "Services", "Services", "{7CD1FEE8-5C2D-4ACE-8EC3-36C1D04DCC83}"
EndProject
Project("{2150E333-8FDC-42A3-9474-1A3956D46DE8}") = "Front-end", "Front-end", "{46B7530C-4D2A-48D7-8014-D768901D6BB2}"
EndProject
Project("{9A19103F-16F7-4668-BE54-9A1E7A4F7556}") = "Igralci.API", "Igralci.API\Igralci.API.csproj", "{1D2B7912-39E6-424C-BED7-E9B4659CC634}"
EndProject
Project("{9A19103F-16F7-4668-BE54-9A1E7A4F7556}") = "Komentiranje.API", "Komentiranje.API\Komentiranje.API.csproj", "{426B7886-B903-4A87-B3BF-9656B25C288D}"
EndProject
Project("{9A19103F-16F7-4668-BE54-9A1E7A4F7556}") = "Videoteka.API", "Videoteka.API\Videoteka.API.csproj", "{864B0061-F28E-40BF-9C37-4CEDEDDDB7C5}"
EndProject
Project("{9A19103F-16F7-4668-BE54-9A1E7A4F7556}") = "Seznami.API", "Seznami.API\Seznami.API.csproj", "{CAC8066A-B5E1-4065-AECE-CC6C73853BFC}"
EndProject
Project("{9A19103F-16F7-4668-BE54-9A1E7A4F7556}") = "Ocenjevanje.API", "Ocenjevanje.API\Ocenjevanje.API.csproj", "{260F55E7-25F3-4959-ABDF-2DB70B05675B}"
EndProject
Project("{9A19103F-16F7-4668-BE54-9A1E7A4F7556}") = "OceniFilm", "OceniFilm\OceniFilm.csproj", "{80642423-6CA7-4C20-8736-CA13AC02E418}"
EndProject
Project("{2150E333-8FDC-42A3-9474-1A3956D46DE8}") = "K8S", "K8S", "{613A8D6B-16FE-4546-9145-32118EA70CE8}"
EndProject
Project("{2150E333-8FDC-42A3-9474-1A3956D46DE8}") = "Volumes", "Volumes", "{9F5C87D0-B009-4D9A-8541-069F3F0EBD3A}"
	ProjectSection(SolutionItems) = preProject
		pvc-claim-identiteta.yaml = pvc-claim-identiteta.yaml
		pvc-claim-igralci.yaml = pvc-claim-igralci.yaml
		pvc-claim-komentiranje.yaml = pvc-claim-komentiranje.yaml
		pvc-claim-ocenjevanje.yaml = pvc-claim-ocenjevanje.yaml
		pvc-claim-seznami.yaml = pvc-claim-seznami.yaml
		pvc-claim-videoteka.yaml = pvc-claim-videoteka.yaml
		pvc-claim.yaml = pvc-claim.yaml
	EndProjectSection
EndProject
Project("{2150E333-8FDC-42A3-9474-1A3956D46DE8}") = "SQL Server", "SQL Server", "{2BF95A31-3EEC-467E-9CCA-8B55E953243F}"
	ProjectSection(SolutionItems) = preProject
		mssql-identiteta-depl.yaml = mssql-identiteta-depl.yaml
		mssql-igralci-depl.yaml = mssql-igralci-depl.yaml
		mssql-komentiranje-depl.yaml = mssql-komentiranje-depl.yaml
		mssql-ocenjevanje-depl.yaml = mssql-ocenjevanje-depl.yaml
		mssql-seznami-depl.yaml = mssql-seznami-depl.yaml
		mssql-videoteka-depl.yaml = mssql-videoteka-depl.yaml
		mssql-depl.yaml = mssql-depl.yaml
	EndProjectSection
EndProject
Project("{2150E333-8FDC-42A3-9474-1A3956D46DE8}") = "Services", "Services", "{E5441365-99DE-4617-BD7C-79931107DDC4}"
	ProjectSection(SolutionItems) = preProject
		identiteta-depl.yaml = identiteta-depl.yaml
		igralci-depl.yaml = igralci-depl.yaml
		komentiranje-depl.yaml = komentiranje-depl.yaml
		ocenifilm-depl.yaml = ocenifilm-depl.yaml
		ocenjevanje-depl.yaml = ocenjevanje-depl.yaml
		seznami-depl.yaml = seznami-depl.yaml
		videoteka-depl.yaml = videoteka-depl.yaml
	EndProjectSection
EndProject
Project("{2150E333-8FDC-42A3-9474-1A3956D46DE8}") = "Node Port", "Node Port", "{729BFE91-1F24-4185-99D8-D64D85C110BC}"
	ProjectSection(SolutionItems) = preProject
		ocenifilm-np-srv.yaml = ocenifilm-np-srv.yaml
	EndProjectSection
EndProject
Project("{2150E333-8FDC-42A3-9474-1A3956D46DE8}") = "API Gateway", "API Gateway", "{91BB9DF7-06D6-40A1-82CE-C2BC22E90E09}"
	ProjectSection(SolutionItems) = preProject
		ingress-srv.yaml = ingress-srv.yaml
	EndProjectSection
EndProject
Global
	GlobalSection(SolutionConfigurationPlatforms) = preSolution
		Debug|Any CPU = Debug|Any CPU
		Release|Any CPU = Release|Any CPU
	EndGlobalSection
	GlobalSection(ProjectConfigurationPlatforms) = postSolution
		{31230154-7C35-47AF-A3FB-8CA938E39FF3}.Debug|Any CPU.ActiveCfg = Debug|Any CPU
		{31230154-7C35-47AF-A3FB-8CA938E39FF3}.Debug|Any CPU.Build.0 = Debug|Any CPU
		{31230154-7C35-47AF-A3FB-8CA938E39FF3}.Release|Any CPU.ActiveCfg = Release|Any CPU
		{31230154-7C35-47AF-A3FB-8CA938E39FF3}.Release|Any CPU.Build.0 = Release|Any CPU
		{1D2B7912-39E6-424C-BED7-E9B4659CC634}.Debug|Any CPU.ActiveCfg = Debug|Any CPU
		{1D2B7912-39E6-424C-BED7-E9B4659CC634}.Debug|Any CPU.Build.0 = Debug|Any CPU
		{1D2B7912-39E6-424C-BED7-E9B4659CC634}.Release|Any CPU.ActiveCfg = Release|Any CPU
		{1D2B7912-39E6-424C-BED7-E9B4659CC634}.Release|Any CPU.Build.0 = Release|Any CPU
		{426B7886-B903-4A87-B3BF-9656B25C288D}.Debug|Any CPU.ActiveCfg = Debug|Any CPU
		{426B7886-B903-4A87-B3BF-9656B25C288D}.Debug|Any CPU.Build.0 = Debug|Any CPU
		{426B7886-B903-4A87-B3BF-9656B25C288D}.Release|Any CPU.ActiveCfg = Release|Any CPU
		{426B7886-B903-4A87-B3BF-9656B25C288D}.Release|Any CPU.Build.0 = Release|Any CPU
		{864B0061-F28E-40BF-9C37-4CEDEDDDB7C5}.Debug|Any CPU.ActiveCfg = Debug|Any CPU
		{864B0061-F28E-40BF-9C37-4CEDEDDDB7C5}.Debug|Any CPU.Build.0 = Debug|Any CPU
		{864B0061-F28E-40BF-9C37-4CEDEDDDB7C5}.Release|Any CPU.ActiveCfg = Release|Any CPU
		{864B0061-F28E-40BF-9C37-4CEDEDDDB7C5}.Release|Any CPU.Build.0 = Release|Any CPU
		{CAC8066A-B5E1-4065-AECE-CC6C73853BFC}.Debug|Any CPU.ActiveCfg = Debug|Any CPU
		{CAC8066A-B5E1-4065-AECE-CC6C73853BFC}.Debug|Any CPU.Build.0 = Debug|Any CPU
		{CAC8066A-B5E1-4065-AECE-CC6C73853BFC}.Release|Any CPU.ActiveCfg = Release|Any CPU
		{CAC8066A-B5E1-4065-AECE-CC6C73853BFC}.Release|Any CPU.Build.0 = Release|Any CPU
		{260F55E7-25F3-4959-ABDF-2DB70B05675B}.Debug|Any CPU.ActiveCfg = Debug|Any CPU
		{260F55E7-25F3-4959-ABDF-2DB70B05675B}.Debug|Any CPU.Build.0 = Debug|Any CPU
		{260F55E7-25F3-4959-ABDF-2DB70B05675B}.Release|Any CPU.ActiveCfg = Release|Any CPU
		{260F55E7-25F3-4959-ABDF-2DB70B05675B}.Release|Any CPU.Build.0 = Release|Any CPU
		{80642423-6CA7-4C20-8736-CA13AC02E418}.Debug|Any CPU.ActiveCfg = Debug|Any CPU
		{80642423-6CA7-4C20-8736-CA13AC02E418}.Debug|Any CPU.Build.0 = Debug|Any CPU
		{80642423-6CA7-4C20-8736-CA13AC02E418}.Release|Any CPU.ActiveCfg = Release|Any CPU
		{80642423-6CA7-4C20-8736-CA13AC02E418}.Release|Any CPU.Build.0 = Release|Any CPU
	EndGlobalSection
	GlobalSection(SolutionProperties) = preSolution
		HideSolutionNode = FALSE
	EndGlobalSection
	GlobalSection(NestedProjects) = preSolution
		{31230154-7C35-47AF-A3FB-8CA938E39FF3} = {7CD1FEE8-5C2D-4ACE-8EC3-36C1D04DCC83}
		{1D2B7912-39E6-424C-BED7-E9B4659CC634} = {7CD1FEE8-5C2D-4ACE-8EC3-36C1D04DCC83}
		{426B7886-B903-4A87-B3BF-9656B25C288D} = {7CD1FEE8-5C2D-4ACE-8EC3-36C1D04DCC83}
		{864B0061-F28E-40BF-9C37-4CEDEDDDB7C5} = {7CD1FEE8-5C2D-4ACE-8EC3-36C1D04DCC83}
		{CAC8066A-B5E1-4065-AECE-CC6C73853BFC} = {7CD1FEE8-5C2D-4ACE-8EC3-36C1D04DCC83}
		{260F55E7-25F3-4959-ABDF-2DB70B05675B} = {7CD1FEE8-5C2D-4ACE-8EC3-36C1D04DCC83}
		{80642423-6CA7-4C20-8736-CA13AC02E418} = {46B7530C-4D2A-48D7-8014-D768901D6BB2}
		{9F5C87D0-B009-4D9A-8541-069F3F0EBD3A} = {613A8D6B-16FE-4546-9145-32118EA70CE8}
		{2BF95A31-3EEC-467E-9CCA-8B55E953243F} = {613A8D6B-16FE-4546-9145-32118EA70CE8}
		{E5441365-99DE-4617-BD7C-79931107DDC4} = {613A8D6B-16FE-4546-9145-32118EA70CE8}
		{729BFE91-1F24-4185-99D8-D64D85C110BC} = {613A8D6B-16FE-4546-9145-32118EA70CE8}
		{91BB9DF7-06D6-40A1-82CE-C2BC22E90E09} = {613A8D6B-16FE-4546-9145-32118EA70CE8}
	EndGlobalSection
	GlobalSection(ExtensibilityGlobals) = postSolution
		SolutionGuid = {04DC1931-AB54-4186-AD5C-7525F23B1E8C}
	EndGlobalSection
	GlobalSection(MonoDevelopProperties) = preSolution
		Policies = $0
		$0.DotNetNamingPolicy = $1
		$1.DirectoryNamespaceAssociation = PrefixedHierarchical
		$0.TextStylePolicy = $8
	EndGlobalSection
EndGlobal
